
Microsoft Visual Studio Solution File, Format Version 12.00
# Visual Studio Version 17
VisualStudioVersion = 17.6.33712.159
MinimumVisualStudioVersion = 10.0.40219.1
Project("{9A19103F-16F7-4668-BE54-9A1E7A4F7556}") = "SyncData", "SyncData.csproj", "{EA33F9CC-A973-4B0C-8CA7-3AB29D571B68}"
EndProject
Global
	GlobalSection(SolutionConfigurationPlatforms) = preSolution
		Debug|Any CPU = Debug|Any CPU
		Release|Any CPU = Release|Any CPU
	EndGlobalSection
	GlobalSection(ProjectConfigurationPlatforms) = postSolution
		{EA33F9CC-A973-4B0C-8CA7-3AB29D571B68}.Debug|Any CPU.ActiveCfg = Debug|Any CPU
		{EA33F9CC-A973-4B0C-8CA7-3AB29D571B68}.Debug|Any CPU.Build.0 = Debug|Any CPU
		{EA33F9CC-A973-4B0C-8CA7-3AB29D571B68}.Release|Any CPU.ActiveCfg = Release|Any CPU
		{EA33F9CC-A973-4B0C-8CA7-3AB29D571B68}.Release|Any CPU.Build.0 = Release|Any CPU
	EndGlobalSection
	GlobalSection(SolutionProperties) = preSolution
		HideSolutionNode = FALSE
	EndGlobalSection
	GlobalSection(ExtensibilityGlobals) = postSolution
		SolutionGuid = {1DCB978F-F835-4327-9137-FE54218DFBB6}
	EndGlobalSection
EndGlobal
